
Microsoft Visual Studio Solution File, Format Version 12.00
# Visual Studio Version 16
VisualStudioVersion = 16.0.30711.63
MinimumVisualStudioVersion = 10.0.40219.1
Project("{9A19103F-16F7-4668-BE54-9A1E7A4F7556}") = "GeneticsEvaluationAlgorithem.Presentation", "knapsackEvolutionALgorithm\GeneticsEvaluationAlgorithem.Presentation.csproj", "{90C6ED93-A804-43D7-B830-9550F0D8974B}"
EndProject
Project("{9A19103F-16F7-4668-BE54-9A1E7A4F7556}") = "GeneticsEvaluationAlgorithem.Service", "knapsackEvolutionALgorithm.WebFramWork\GeneticsEvaluationAlgorithem.Service.csproj", "{EE8133A0-5E67-4D7B-B4C7-AF3E0ED27873}"
EndProject
Global
	GlobalSection(SolutionConfigurationPlatforms) = preSolution
		Debug|Any CPU = Debug|Any CPU
		Release|Any CPU = Release|Any CPU
	EndGlobalSection
	GlobalSection(ProjectConfigurationPlatforms) = postSolution
		{90C6ED93-A804-43D7-B830-9550F0D8974B}.Debug|Any CPU.ActiveCfg = Debug|Any CPU
		{90C6ED93-A804-43D7-B830-9550F0D8974B}.Debug|Any CPU.Build.0 = Debug|Any CPU
		{90C6ED93-A804-43D7-B830-9550F0D8974B}.Release|Any CPU.ActiveCfg = Release|Any CPU
		{90C6ED93-A804-43D7-B830-9550F0D8974B}.Release|Any CPU.Build.0 = Release|Any CPU
		{EE8133A0-5E67-4D7B-B4C7-AF3E0ED27873}.Debug|Any CPU.ActiveCfg = Debug|Any CPU
		{EE8133A0-5E67-4D7B-B4C7-AF3E0ED27873}.Debug|Any CPU.Build.0 = Debug|Any CPU
		{EE8133A0-5E67-4D7B-B4C7-AF3E0ED27873}.Release|Any CPU.ActiveCfg = Release|Any CPU
		{EE8133A0-5E67-4D7B-B4C7-AF3E0ED27873}.Release|Any CPU.Build.0 = Release|Any CPU
	EndGlobalSection
	GlobalSection(SolutionProperties) = preSolution
		HideSolutionNode = FALSE
	EndGlobalSection
	GlobalSection(ExtensibilityGlobals) = postSolution
		SolutionGuid = {10374652-023D-4877-94C4-B0CBC805A7A1}
	EndGlobalSection
EndGlobal
